// !$*UTF8*$!
{
	archiveVersion = 1;
	classes = {
	};
	objectVersion = 55;
	objects = {

/* Begin PBXBuildFile section */
		750A385526FBA30300E3F363 /* AppDelegate.swift in Sources */ = {isa = PBXBuildFile; fileRef = 750A385426FBA30300E3F363 /* AppDelegate.swift */; };
		750A385726FBA30300E3F363 /* SceneDelegate.swift in Sources */ = {isa = PBXBuildFile; fileRef = 750A385626FBA30300E3F363 /* SceneDelegate.swift */; };
		750A385926FBA30300E3F363 /* ViewController.swift in Sources */ = {isa = PBXBuildFile; fileRef = 750A385826FBA30300E3F363 /* ViewController.swift */; };
		750A385C26FBA30300E3F363 /* Main.storyboard in Resources */ = {isa = PBXBuildFile; fileRef = 750A385A26FBA30300E3F363 /* Main.storyboard */; };
		750A385E26FBA30600E3F363 /* Assets.xcassets in Resources */ = {isa = PBXBuildFile; fileRef = 750A385D26FBA30600E3F363 /* Assets.xcassets */; };
		750A386126FBA30600E3F363 /* LaunchScreen.storyboard in Resources */ = {isa = PBXBuildFile; fileRef = 750A385F26FBA30600E3F363 /* LaunchScreen.storyboard */; };
		750A386F26FBA4DC00E3F363 /* ConversationsController.swift in Sources */ = {isa = PBXBuildFile; fileRef = 750A386E26FBA4DC00E3F363 /* ConversationsController.swift */; };
		75121DD826FD0203000D4968 /* LoginController.swift in Sources */ = {isa = PBXBuildFile; fileRef = 75121DD726FD0203000D4968 /* LoginController.swift */; };
		75121DDA26FD0217000D4968 /* RegistrationController.swift in Sources */ = {isa = PBXBuildFile; fileRef = 75121DD926FD0217000D4968 /* RegistrationController.swift */; };
		75121DDE26FD0A5F000D4968 /* Extensions.swift in Sources */ = {isa = PBXBuildFile; fileRef = 75121DDD26FD0A5F000D4968 /* Extensions.swift */; };
		75CFBC1B26FE34A700666BBB /* InputContainerView.swift in Sources */ = {isa = PBXBuildFile; fileRef = 75CFBC1A26FE34A700666BBB /* InputContainerView.swift */; };
		75CFBC1D26FE568800666BBB /* CustomTextField.swift in Sources */ = {isa = PBXBuildFile; fileRef = 75CFBC1C26FE568800666BBB /* CustomTextField.swift */; };
		75D47C292700B55800EF2BC3 /* GoogleService-Info.plist in Resources */ = {isa = PBXBuildFile; fileRef = 75D47C282700B55800EF2BC3 /* GoogleService-Info.plist */; };
		75E0149426FFB34300F7813E /* LoginViewModel.swift in Sources */ = {isa = PBXBuildFile; fileRef = 75E0149326FFB34300F7813E /* LoginViewModel.swift */; };
		75E0149926FFDE7500F7813E /* RegistrationViewModel.swift in Sources */ = {isa = PBXBuildFile; fileRef = 75E0149826FFDE7500F7813E /* RegistrationViewModel.swift */; };
		C57361EAC4FF92A824F9ADA9 /* Pods_FireChat.framework in Frameworks */ = {isa = PBXBuildFile; fileRef = 191ED5DF4AF7E836605DC2FD /* Pods_FireChat.framework */; };
/* End PBXBuildFile section */

/* Begin PBXFileReference section */
		191ED5DF4AF7E836605DC2FD /* Pods_FireChat.framework */ = {isa = PBXFileReference; explicitFileType = wrapper.framework; includeInIndex = 0; path = Pods_FireChat.framework; sourceTree = BUILT_PRODUCTS_DIR; };
		750A385126FBA30300E3F363 /* FireChat.app */ = {isa = PBXFileReference; explicitFileType = wrapper.application; includeInIndex = 0; path = FireChat.app; sourceTree = BUILT_PRODUCTS_DIR; };
		750A385426FBA30300E3F363 /* AppDelegate.swift */ = {isa = PBXFileReference; lastKnownFileType = sourcecode.swift; path = AppDelegate.swift; sourceTree = "<group>"; };
		750A385626FBA30300E3F363 /* SceneDelegate.swift */ = {isa = PBXFileReference; lastKnownFileType = sourcecode.swift; path = SceneDelegate.swift; sourceTree = "<group>"; };
		750A385826FBA30300E3F363 /* ViewController.swift */ = {isa = PBXFileReference; lastKnownFileType = sourcecode.swift; path = ViewController.swift; sourceTree = "<group>"; };
		750A385B26FBA30300E3F363 /* Base */ = {isa = PBXFileReference; lastKnownFileType = file.storyboard; name = Base; path = Base.lproj/Main.storyboard; sourceTree = "<group>"; };
		750A385D26FBA30600E3F363 /* Assets.xcassets */ = {isa = PBXFileReference; lastKnownFileType = folder.assetcatalog; path = Assets.xcassets; sourceTree = "<group>"; };
		750A386026FBA30600E3F363 /* Base */ = {isa = PBXFileReference; lastKnownFileType = file.storyboard; name = Base; path = Base.lproj/LaunchScreen.storyboard; sourceTree = "<group>"; };
		750A386226FBA30600E3F363 /* Info.plist */ = {isa = PBXFileReference; lastKnownFileType = text.plist.xml; path = Info.plist; sourceTree = "<group>"; };
		750A386E26FBA4DC00E3F363 /* ConversationsController.swift */ = {isa = PBXFileReference; lastKnownFileType = sourcecode.swift; path = ConversationsController.swift; sourceTree = "<group>"; };
		75121DD726FD0203000D4968 /* LoginController.swift */ = {isa = PBXFileReference; lastKnownFileType = sourcecode.swift; path = LoginController.swift; sourceTree = "<group>"; };
		75121DD926FD0217000D4968 /* RegistrationController.swift */ = {isa = PBXFileReference; lastKnownFileType = sourcecode.swift; path = RegistrationController.swift; sourceTree = "<group>"; };
		75121DDD26FD0A5F000D4968 /* Extensions.swift */ = {isa = PBXFileReference; lastKnownFileType = sourcecode.swift; path = Extensions.swift; sourceTree = "<group>"; };
		75CFBC1A26FE34A700666BBB /* InputContainerView.swift */ = {isa = PBXFileReference; lastKnownFileType = sourcecode.swift; path = InputContainerView.swift; sourceTree = "<group>"; };
		75CFBC1C26FE568800666BBB /* CustomTextField.swift */ = {isa = PBXFileReference; lastKnownFileType = sourcecode.swift; path = CustomTextField.swift; sourceTree = "<group>"; };
		75D47C282700B55800EF2BC3 /* GoogleService-Info.plist */ = {isa = PBXFileReference; fileEncoding = 4; lastKnownFileType = text.plist.xml; path = "GoogleService-Info.plist"; sourceTree = "<group>"; };
		75E0149326FFB34300F7813E /* LoginViewModel.swift */ = {isa = PBXFileReference; lastKnownFileType = sourcecode.swift; path = LoginViewModel.swift; sourceTree = "<group>"; };
		75E0149826FFDE7500F7813E /* RegistrationViewModel.swift */ = {isa = PBXFileReference; lastKnownFileType = sourcecode.swift; path = RegistrationViewModel.swift; sourceTree = "<group>"; };
		87A17FBEA42DE2D0524F5DA1 /* Pods-FireChat.release.xcconfig */ = {isa = PBXFileReference; includeInIndex = 1; lastKnownFileType = text.xcconfig; name = "Pods-FireChat.release.xcconfig"; path = "Target Support Files/Pods-FireChat/Pods-FireChat.release.xcconfig"; sourceTree = "<group>"; };
		CB9CFA1AE5ACE08F026A5867 /* Pods-FireChat.debug.xcconfig */ = {isa = PBXFileReference; includeInIndex = 1; lastKnownFileType = text.xcconfig; name = "Pods-FireChat.debug.xcconfig"; path = "Target Support Files/Pods-FireChat/Pods-FireChat.debug.xcconfig"; sourceTree = "<group>"; };
/* End PBXFileReference section */

/* Begin PBXFrameworksBuildPhase section */
		750A384E26FBA30300E3F363 /* Frameworks */ = {
			isa = PBXFrameworksBuildPhase;
			buildActionMask = 2147483647;
			files = (
				C57361EAC4FF92A824F9ADA9 /* Pods_FireChat.framework in Frameworks */,
			);
			runOnlyForDeploymentPostprocessing = 0;
		};
/* End PBXFrameworksBuildPhase section */

/* Begin PBXGroup section */
		0421A37D9FB47C09E8A0E318 /* Frameworks */ = {
			isa = PBXGroup;
			children = (
				191ED5DF4AF7E836605DC2FD /* Pods_FireChat.framework */,
			);
			name = Frameworks;
			sourceTree = "<group>";
		};
		750A384826FBA30200E3F363 = {
			isa = PBXGroup;
			children = (
				750A385326FBA30300E3F363 /* FireChat */,
				75D47C282700B55800EF2BC3 /* GoogleService-Info.plist */,
				750A385226FBA30300E3F363 /* Products */,
				BDE4F38E1342B95E051B7B18 /* Pods */,
				0421A37D9FB47C09E8A0E318 /* Frameworks */,
			);
			sourceTree = "<group>";
		};
		750A385226FBA30300E3F363 /* Products */ = {
			isa = PBXGroup;
			children = (
				750A385126FBA30300E3F363 /* FireChat.app */,
			);
			name = Products;
			sourceTree = "<group>";
		};
		750A385326FBA30300E3F363 /* FireChat */ = {
			isa = PBXGroup;
			children = (
				750A386D26FBA40200E3F363 /* Model */,
				750A386C26FBA3FF00E3F363 /* View */,
				750A386B26FBA3FD00E3F363 /* ViewModel */,
				750A386A26FBA3FC00E3F363 /* Controller */,
				750A386926FBA3F900E3F363 /* API */,
				750A386826FBA3F300E3F363 /* Utils */,
				750A385426FBA30300E3F363 /* AppDelegate.swift */,
				750A385626FBA30300E3F363 /* SceneDelegate.swift */,
				750A385826FBA30300E3F363 /* ViewController.swift */,
				750A385A26FBA30300E3F363 /* Main.storyboard */,
				750A385D26FBA30600E3F363 /* Assets.xcassets */,
				750A385F26FBA30600E3F363 /* LaunchScreen.storyboard */,
				750A386226FBA30600E3F363 /* Info.plist */,
			);
			path = FireChat;
			sourceTree = "<group>";
		};
		750A386826FBA3F300E3F363 /* Utils */ = {
			isa = PBXGroup;
			children = (
				75121DDD26FD0A5F000D4968 /* Extensions.swift */,
			);
			path = Utils;
			sourceTree = "<group>";
		};
		750A386926FBA3F900E3F363 /* API */ = {
			isa = PBXGroup;
			children = (
			);
			path = API;
			sourceTree = "<group>";
		};
		750A386A26FBA3FC00E3F363 /* Controller */ = {
			isa = PBXGroup;
			children = (
				75121DD626FD01E6000D4968 /* Authentication */,
				750A386E26FBA4DC00E3F363 /* ConversationsController.swift */,
			);
			path = Controller;
			sourceTree = "<group>";
		};
		750A386B26FBA3FD00E3F363 /* ViewModel */ = {
			isa = PBXGroup;
			children = (
				75E0149526FFDE3A00F7813E /* Authentication */,
			);
			path = ViewModel;
			sourceTree = "<group>";
		};
		750A386C26FBA3FF00E3F363 /* View */ = {
			isa = PBXGroup;
			children = (
				75CFBC1A26FE34A700666BBB /* InputContainerView.swift */,
				75CFBC1C26FE568800666BBB /* CustomTextField.swift */,
			);
			path = View;
			sourceTree = "<group>";
		};
		750A386D26FBA40200E3F363 /* Model */ = {
			isa = PBXGroup;
			children = (
			);
			path = Model;
			sourceTree = "<group>";
		};
		75121DD626FD01E6000D4968 /* Authentication */ = {
			isa = PBXGroup;
			children = (
				75121DD726FD0203000D4968 /* LoginController.swift */,
				75121DD926FD0217000D4968 /* RegistrationController.swift */,
			);
			path = Authentication;
			sourceTree = "<group>";
		};
		75E0149526FFDE3A00F7813E /* Authentication */ = {
			isa = PBXGroup;
			children = (
				75E0149326FFB34300F7813E /* LoginViewModel.swift */,
				75E0149826FFDE7500F7813E /* RegistrationViewModel.swift */,
			);
			path = Authentication;
			sourceTree = "<group>";
		};
		BDE4F38E1342B95E051B7B18 /* Pods */ = {
			isa = PBXGroup;
			children = (
				CB9CFA1AE5ACE08F026A5867 /* Pods-FireChat.debug.xcconfig */,
				87A17FBEA42DE2D0524F5DA1 /* Pods-FireChat.release.xcconfig */,
			);
			name = Pods;
			path = Pods;
			sourceTree = "<group>";
		};
/* End PBXGroup section */

/* Begin PBXNativeTarget section */
		750A385026FBA30300E3F363 /* FireChat */ = {
			isa = PBXNativeTarget;
			buildConfigurationList = 750A386526FBA30600E3F363 /* Build configuration list for PBXNativeTarget "FireChat" */;
			buildPhases = (
				ABC701A98ECA7A0E36382174 /* [CP] Check Pods Manifest.lock */,
				750A384D26FBA30300E3F363 /* Sources */,
				750A384E26FBA30300E3F363 /* Frameworks */,
				750A384F26FBA30300E3F363 /* Resources */,
				9CA23464250201AA923F903C /* [CP] Embed Pods Frameworks */,
			);
			buildRules = (
			);
			dependencies = (
			);
			name = FireChat;
			productName = FireChat;
			productReference = 750A385126FBA30300E3F363 /* FireChat.app */;
			productType = "com.apple.product-type.application";
		};
/* End PBXNativeTarget section */

/* Begin PBXProject section */
		750A384926FBA30200E3F363 /* Project object */ = {
			isa = PBXProject;
			attributes = {
				BuildIndependentTargetsInParallel = 1;
				LastSwiftUpdateCheck = 1300;
				LastUpgradeCheck = 1300;
				TargetAttributes = {
					750A385026FBA30300E3F363 = {
						CreatedOnToolsVersion = 13.0;
					};
				};
			};
			buildConfigurationList = 750A384C26FBA30200E3F363 /* Build configuration list for PBXProject "FireChat" */;
			compatibilityVersion = "Xcode 13.0";
			developmentRegion = en;
			hasScannedForEncodings = 0;
			knownRegions = (
				en,
				Base,
			);
			mainGroup = 750A384826FBA30200E3F363;
			productRefGroup = 750A385226FBA30300E3F363 /* Products */;
			projectDirPath = "";
			projectRoot = "";
			targets = (
				750A385026FBA30300E3F363 /* FireChat */,
			);
		};
/* End PBXProject section */

/* Begin PBXResourcesBuildPhase section */
		750A384F26FBA30300E3F363 /* Resources */ = {
			isa = PBXResourcesBuildPhase;
			buildActionMask = 2147483647;
			files = (
				750A386126FBA30600E3F363 /* LaunchScreen.storyboard in Resources */,
				75D47C292700B55800EF2BC3 /* GoogleService-Info.plist in Resources */,
				750A385E26FBA30600E3F363 /* Assets.xcassets in Resources */,
				750A385C26FBA30300E3F363 /* Main.storyboard in Resources */,
			);
			runOnlyForDeploymentPostprocessing = 0;
		};
/* End PBXResourcesBuildPhase section */

/* Begin PBXShellScriptBuildPhase section */
		9CA23464250201AA923F903C /* [CP] Embed Pods Frameworks */ = {
			isa = PBXShellScriptBuildPhase;
			buildActionMask = 2147483647;
			files = (
			);
			inputFileListPaths = (
				"${PODS_ROOT}/Target Support Files/Pods-FireChat/Pods-FireChat-frameworks-${CONFIGURATION}-input-files.xcfilelist",
			);
			name = "[CP] Embed Pods Frameworks";
			outputFileListPaths = (
				"${PODS_ROOT}/Target Support Files/Pods-FireChat/Pods-FireChat-frameworks-${CONFIGURATION}-output-files.xcfilelist",
			);
			runOnlyForDeploymentPostprocessing = 0;
			shellPath = /bin/sh;
			shellScript = "\"${PODS_ROOT}/Target Support Files/Pods-FireChat/Pods-FireChat-frameworks.sh\"\n";
			showEnvVarsInLog = 0;
		};
		ABC701A98ECA7A0E36382174 /* [CP] Check Pods Manifest.lock */ = {
			isa = PBXShellScriptBuildPhase;
			buildActionMask = 2147483647;
			files = (
			);
			inputFileListPaths = (
			);
			inputPaths = (
				"${PODS_PODFILE_DIR_PATH}/Podfile.lock",
				"${PODS_ROOT}/Manifest.lock",
			);
			name = "[CP] Check Pods Manifest.lock";
			outputFileListPaths = (
			);
			outputPaths = (
				"$(DERIVED_FILE_DIR)/Pods-FireChat-checkManifestLockResult.txt",
			);
			runOnlyForDeploymentPostprocessing = 0;
			shellPath = /bin/sh;
			shellScript = "diff \"${PODS_PODFILE_DIR_PATH}/Podfile.lock\" \"${PODS_ROOT}/Manifest.lock\" > /dev/null\nif [ $? != 0 ] ; then\n    # print error to STDERR\n    echo \"error: The sandbox is not in sync with the Podfile.lock. Run 'pod install' or update your CocoaPods installation.\" >&2\n    exit 1\nfi\n# This output is used by Xcode 'outputs' to avoid re-running this script phase.\necho \"SUCCESS\" > \"${SCRIPT_OUTPUT_FILE_0}\"\n";
			showEnvVarsInLog = 0;
		};
/* End PBXShellScriptBuildPhase section */

/* Begin PBXSourcesBuildPhase section */
		750A384D26FBA30300E3F363 /* Sources */ = {
			isa = PBXSourcesBuildPhase;
			buildActionMask = 2147483647;
			files = (
				750A385926FBA30300E3F363 /* ViewController.swift in Sources */,
				75E0149926FFDE7500F7813E /* RegistrationViewModel.swift in Sources */,
				75CFBC1B26FE34A700666BBB /* InputContainerView.swift in Sources */,
				750A385526FBA30300E3F363 /* AppDelegate.swift in Sources */,
				750A386F26FBA4DC00E3F363 /* ConversationsController.swift in Sources */,
				750A385726FBA30300E3F363 /* SceneDelegate.swift in Sources */,
				75121DDA26FD0217000D4968 /* RegistrationController.swift in Sources */,
				75121DD826FD0203000D4968 /* LoginController.swift in Sources */,
				75121DDE26FD0A5F000D4968 /* Extensions.swift in Sources */,
				75E0149426FFB34300F7813E /* LoginViewModel.swift in Sources */,
				75CFBC1D26FE568800666BBB /* CustomTextField.swift in Sources */,
			);
			runOnlyForDeploymentPostprocessing = 0;
		};
/* End PBXSourcesBuildPhase section */

/* Begin PBXVariantGroup section */
		750A385A26FBA30300E3F363 /* Main.storyboard */ = {
			isa = PBXVariantGroup;
			children = (
				750A385B26FBA30300E3F363 /* Base */,
			);
			name = Main.storyboard;
			sourceTree = "<group>";
		};
		750A385F26FBA30600E3F363 /* LaunchScreen.storyboard */ = {
			isa = PBXVariantGroup;
			children = (
				750A386026FBA30600E3F363 /* Base */,
			);
			name = LaunchScreen.storyboard;
			sourceTree = "<group>";
		};
/* End PBXVariantGroup section */

/* Begin XCBuildConfiguration section */
		750A386326FBA30600E3F363 /* Debug */ = {
			isa = XCBuildConfiguration;
			buildSettings = {
				ALWAYS_SEARCH_USER_PATHS = NO;
				CLANG_ANALYZER_NONNULL = YES;
				CLANG_ANALYZER_NUMBER_OBJECT_CONVERSION = YES_AGGRESSIVE;
				CLANG_CXX_LANGUAGE_STANDARD = "gnu++17";
				CLANG_CXX_LIBRARY = "libc++";
				CLANG_ENABLE_MODULES = YES;
				CLANG_ENABLE_OBJC_ARC = YES;
				CLANG_ENABLE_OBJC_WEAK = YES;
				CLANG_WARN_BLOCK_CAPTURE_AUTORELEASING = YES;
				CLANG_WARN_BOOL_CONVERSION = YES;
				CLANG_WARN_COMMA = YES;
				CLANG_WARN_CONSTANT_CONVERSION = YES;
				CLANG_WARN_DEPRECATED_OBJC_IMPLEMENTATIONS = YES;
				CLANG_WARN_DIRECT_OBJC_ISA_USAGE = YES_ERROR;
				CLANG_WARN_DOCUMENTATION_COMMENTS = YES;
				CLANG_WARN_EMPTY_BODY = YES;
				CLANG_WARN_ENUM_CONVERSION = YES;
				CLANG_WARN_INFINITE_RECURSION = YES;
				CLANG_WARN_INT_CONVERSION = YES;
				CLANG_WARN_NON_LITERAL_NULL_CONVERSION = YES;
				CLANG_WARN_OBJC_IMPLICIT_RETAIN_SELF = YES;
				CLANG_WARN_OBJC_LITERAL_CONVERSION = YES;
				CLANG_WARN_OBJC_ROOT_CLASS = YES_ERROR;
				CLANG_WARN_QUOTED_INCLUDE_IN_FRAMEWORK_HEADER = YES;
				CLANG_WARN_RANGE_LOOP_ANALYSIS = YES;
				CLANG_WARN_STRICT_PROTOTYPES = YES;
				CLANG_WARN_SUSPICIOUS_MOVE = YES;
				CLANG_WARN_UNGUARDED_AVAILABILITY = YES_AGGRESSIVE;
				CLANG_WARN_UNREACHABLE_CODE = YES;
				CLANG_WARN__DUPLICATE_METHOD_MATCH = YES;
				COPY_PHASE_STRIP = NO;
				DEBUG_INFORMATION_FORMAT = dwarf;
				ENABLE_STRICT_OBJC_MSGSEND = YES;
				ENABLE_TESTABILITY = YES;
				GCC_C_LANGUAGE_STANDARD = gnu11;
				GCC_DYNAMIC_NO_PIC = NO;
				GCC_NO_COMMON_BLOCKS = YES;
				GCC_OPTIMIZATION_LEVEL = 0;
				GCC_PREPROCESSOR_DEFINITIONS = (
					"DEBUG=1",
					"$(inherited)",
				);
				GCC_WARN_64_TO_32_BIT_CONVERSION = YES;
				GCC_WARN_ABOUT_RETURN_TYPE = YES_ERROR;
				GCC_WARN_UNDECLARED_SELECTOR = YES;
				GCC_WARN_UNINITIALIZED_AUTOS = YES_AGGRESSIVE;
				GCC_WARN_UNUSED_FUNCTION = YES;
				GCC_WARN_UNUSED_VARIABLE = YES;
				IPHONEOS_DEPLOYMENT_TARGET = 15.0;
				MTL_ENABLE_DEBUG_INFO = INCLUDE_SOURCE;
				MTL_FAST_MATH = YES;
				ONLY_ACTIVE_ARCH = YES;
				SDKROOT = iphoneos;
				SWIFT_ACTIVE_COMPILATION_CONDITIONS = DEBUG;
				SWIFT_OPTIMIZATION_LEVEL = "-Onone";
			};
			name = Debug;
		};
		750A386426FBA30600E3F363 /* Release */ = {
			isa = XCBuildConfiguration;
			buildSettings = {
				ALWAYS_SEARCH_USER_PATHS = NO;
				CLANG_ANALYZER_NONNULL = YES;
				CLANG_ANALYZER_NUMBER_OBJECT_CONVERSION = YES_AGGRESSIVE;
				CLANG_CXX_LANGUAGE_STANDARD = "gnu++17";
				CLANG_CXX_LIBRARY = "libc++";
				CLANG_ENABLE_MODULES = YES;
				CLANG_ENABLE_OBJC_ARC = YES;
				CLANG_ENABLE_OBJC_WEAK = YES;
				CLANG_WARN_BLOCK_CAPTURE_AUTORELEASING = YES;
				CLANG_WARN_BOOL_CONVERSION = YES;
				CLANG_WARN_COMMA = YES;
				CLANG_WARN_CONSTANT_CONVERSION = YES;
				CLANG_WARN_DEPRECATED_OBJC_IMPLEMENTATIONS = YES;
				CLANG_WARN_DIRECT_OBJC_ISA_USAGE = YES_ERROR;
				CLANG_WARN_DOCUMENTATION_COMMENTS = YES;
				CLANG_WARN_EMPTY_BODY = YES;
				CLANG_WARN_ENUM_CONVERSION = YES;
				CLANG_WARN_INFINITE_RECURSION = YES;
				CLANG_WARN_INT_CONVERSION = YES;
				CLANG_WARN_NON_LITERAL_NULL_CONVERSION = YES;
				CLANG_WARN_OBJC_IMPLICIT_RETAIN_SELF = YES;
				CLANG_WARN_OBJC_LITERAL_CONVERSION = YES;
				CLANG_WARN_OBJC_ROOT_CLASS = YES_ERROR;
				CLANG_WARN_QUOTED_INCLUDE_IN_FRAMEWORK_HEADER = YES;
				CLANG_WARN_RANGE_LOOP_ANALYSIS = YES;
				CLANG_WARN_STRICT_PROTOTYPES = YES;
				CLANG_WARN_SUSPICIOUS_MOVE = YES;
				CLANG_WARN_UNGUARDED_AVAILABILITY = YES_AGGRESSIVE;
				CLANG_WARN_UNREACHABLE_CODE = YES;
				CLANG_WARN__DUPLICATE_METHOD_MATCH = YES;
				COPY_PHASE_STRIP = NO;
				DEBUG_INFORMATION_FORMAT = "dwarf-with-dsym";
				ENABLE_NS_ASSERTIONS = NO;
				ENABLE_STRICT_OBJC_MSGSEND = YES;
				GCC_C_LANGUAGE_STANDARD = gnu11;
				GCC_NO_COMMON_BLOCKS = YES;
				GCC_WARN_64_TO_32_BIT_CONVERSION = YES;
				GCC_WARN_ABOUT_RETURN_TYPE = YES_ERROR;
				GCC_WARN_UNDECLARED_SELECTOR = YES;
				GCC_WARN_UNINITIALIZED_AUTOS = YES_AGGRESSIVE;
				GCC_WARN_UNUSED_FUNCTION = YES;
				GCC_WARN_UNUSED_VARIABLE = YES;
				IPHONEOS_DEPLOYMENT_TARGET = 15.0;
				MTL_ENABLE_DEBUG_INFO = NO;
				MTL_FAST_MATH = YES;
				SDKROOT = iphoneos;
				SWIFT_COMPILATION_MODE = wholemodule;
				SWIFT_OPTIMIZATION_LEVEL = "-O";
				VALIDATE_PRODUCT = YES;
			};
			name = Release;
		};
		750A386626FBA30600E3F363 /* Debug */ = {
			isa = XCBuildConfiguration;
			baseConfigurationReference = CB9CFA1AE5ACE08F026A5867 /* Pods-FireChat.debug.xcconfig */;
			buildSettings = {
				ASSETCATALOG_COMPILER_APPICON_NAME = AppIcon;
				ASSETCATALOG_COMPILER_GLOBAL_ACCENT_COLOR_NAME = AccentColor;
				CODE_SIGN_STYLE = Automatic;
				CURRENT_PROJECT_VERSION = 1;
				DEVELOPMENT_TEAM = VM55LWG8PP;
				GENERATE_INFOPLIST_FILE = YES;
				INFOPLIST_FILE = FireChat/Info.plist;
				INFOPLIST_KEY_UIApplicationSupportsIndirectInputEvents = YES;
				INFOPLIST_KEY_UILaunchStoryboardName = LaunchScreen;
				INFOPLIST_KEY_UIMainStoryboardFile = Main;
				INFOPLIST_KEY_UISupportedInterfaceOrientations_iPad = "UIInterfaceOrientationPortrait UIInterfaceOrientationPortraitUpsideDown UIInterfaceOrientationLandscapeLeft UIInterfaceOrientationLandscapeRight";
				INFOPLIST_KEY_UISupportedInterfaceOrientations_iPhone = "UIInterfaceOrientationPortrait UIInterfaceOrientationLandscapeLeft UIInterfaceOrientationLandscapeRight";
				LD_RUNPATH_SEARCH_PATHS = (
					"$(inherited)",
					"@executable_path/Frameworks",
				);
				MARKETING_VERSION = 1.0;
				PRODUCT_BUNDLE_IDENTIFIER = com.elizeurs.FireChat;
				PRODUCT_NAME = "$(TARGET_NAME)";
				SWIFT_EMIT_LOC_STRINGS = YES;
				SWIFT_VERSION = 5.0;
				TARGETED_DEVICE_FAMILY = "1,2";
			};
			name = Debug;
		};
		750A386726FBA30600E3F363 /* Release */ = {
			isa = XCBuildConfiguration;
			baseConfigurationReference = 87A17FBEA42DE2D0524F5DA1 /* Pods-FireChat.release.xcconfig */;
			buildSettings = {
				ASSETCATALOG_COMPILER_APPICON_NAME = AppIcon;
				ASSETCATALOG_COMPILER_GLOBAL_ACCENT_COLOR_NAME = AccentColor;
				CODE_SIGN_STYLE = Automatic;
				CURRENT_PROJECT_VERSION = 1;
				DEVELOPMENT_TEAM = VM55LWG8PP;
				GENERATE_INFOPLIST_FILE = YES;
				INFOPLIST_FILE = FireChat/Info.plist;
				INFOPLIST_KEY_UIApplicationSupportsIndirectInputEvents = YES;
				INFOPLIST_KEY_UILaunchStoryboardName = LaunchScreen;
				INFOPLIST_KEY_UIMainStoryboardFile = Main;
				INFOPLIST_KEY_UISupportedInterfaceOrientations_iPad = "UIInterfaceOrientationPortrait UIInterfaceOrientationPortraitUpsideDown UIInterfaceOrientationLandscapeLeft UIInterfaceOrientationLandscapeRight";
				INFOPLIST_KEY_UISupportedInterfaceOrientations_iPhone = "UIInterfaceOrientationPortrait UIInterfaceOrientationLandscapeLeft UIInterfaceOrientationLandscapeRight";
				LD_RUNPATH_SEARCH_PATHS = (
					"$(inherited)",
					"@executable_path/Frameworks",
				);
				MARKETING_VERSION = 1.0;
				PRODUCT_BUNDLE_IDENTIFIER = com.elizeurs.FireChat;
				PRODUCT_NAME = "$(TARGET_NAME)";
				SWIFT_EMIT_LOC_STRINGS = YES;
				SWIFT_VERSION = 5.0;
				TARGETED_DEVICE_FAMILY = "1,2";
			};
			name = Release;
		};
/* End XCBuildConfiguration section */

/* Begin XCConfigurationList section */
		750A384C26FBA30200E3F363 /* Build configuration list for PBXProject "FireChat" */ = {
			isa = XCConfigurationList;
			buildConfigurations = (
				750A386326FBA30600E3F363 /* Debug */,
				750A386426FBA30600E3F363 /* Release */,
			);
			defaultConfigurationIsVisible = 0;
			defaultConfigurationName = Release;
		};
		750A386526FBA30600E3F363 /* Build configuration list for PBXNativeTarget "FireChat" */ = {
			isa = XCConfigurationList;
			buildConfigurations = (
				750A386626FBA30600E3F363 /* Debug */,
				750A386726FBA30600E3F363 /* Release */,
			);
			defaultConfigurationIsVisible = 0;
			defaultConfigurationName = Release;
		};
/* End XCConfigurationList section */
	};
	rootObject = 750A384926FBA30200E3F363 /* Project object */;
}
